Microsoft Visual Studio Solution File, Format Version 11.00
# Visual Studio 2008

Project("{3F2EF8F2-8600-8CD0-04E9-82DD5FA071A1}") = "UnityTestProject", "Assembly-CSharp.csproj", "{D4FBC9A4-3CD9-27A1-81D3-E604DE5C7339}"
EndProject
Global
	GlobalSection(SolutionConfigurationPlatforms) = preSolution
		Debug|Any CPU = Debug|Any CPU
		Release|Any CPU = Release|Any CPU
	EndGlobalSection
	GlobalSection(ProjectConfigurationPlatforms) = postSolution
		{D4FBC9A4-3CD9-27A1-81D3-E604DE5C7339}.Debug|Any CPU.ActiveCfg = Debug|Any CPU
		{D4FBC9A4-3CD9-27A1-81D3-E604DE5C7339}.Debug|Any CPU.Build.0 = Debug|Any CPU
		{D4FBC9A4-3CD9-27A1-81D3-E604DE5C7339}.Release|Any CPU.ActiveCfg = Release|Any CPU
		{D4FBC9A4-3CD9-27A1-81D3-E604DE5C7339}.Release|Any CPU.Build.0 = Release|Any CPU
	EndGlobalSection
	GlobalSection(SolutionProperties) = preSolution
		HideSolutionNode = FALSE
	EndGlobalSection
	GlobalSection(MonoDevelopProperties) = preSolution
		StartupItem = Assembly-CSharp.csproj
	EndGlobalSection
EndGlobal
